// !$*UTF8*$!
{
	archiveVersion = 1;
	classes = {
	};
	objectVersion = 46;
	objects = {

/* Begin PBXBuildFile section */
		246761E41AE0656000F6E814 /* AppDelegate.swift in Sources */ = {isa = PBXBuildFile; fileRef = 246761E31AE0656000F6E814 /* AppDelegate.swift */; };
		246761E61AE0656000F6E814 /* ViewController.swift in Sources */ = {isa = PBXBuildFile; fileRef = 246761E51AE0656000F6E814 /* ViewController.swift */; };
		246761E91AE0656000F6E814 /* Main.storyboard in Resources */ = {isa = PBXBuildFile; fileRef = 246761E71AE0656000F6E814 /* Main.storyboard */; };
		246761EB1AE0656000F6E814 /* Images.xcassets in Resources */ = {isa = PBXBuildFile; fileRef = 246761EA1AE0656000F6E814 /* Images.xcassets */; };
		246761EE1AE0656000F6E814 /* LaunchScreen.xib in Resources */ = {isa = PBXBuildFile; fileRef = 246761EC1AE0656000F6E814 /* LaunchScreen.xib */; };
		246761FA1AE0656000F6E814 /* LocalNotificationCategoriesTests.swift in Sources */ = {isa = PBXBuildFile; fileRef = 246761F91AE0656000F6E814 /* LocalNotificationCategoriesTests.swift */; };
		246762041AE0659F00F6E814 /* NotificationCategories.swift in Sources */ = {isa = PBXBuildFile; fileRef = 246762031AE0659F00F6E814 /* NotificationCategories.swift */; };
/* End PBXBuildFile section */

/* Begin PBXContainerItemProxy section */
		246761F41AE0656000F6E814 /* PBXContainerItemProxy */ = {
			isa = PBXContainerItemProxy;
			containerPortal = 246761D61AE0656000F6E814 /* Project object */;
			proxyType = 1;
			remoteGlobalIDString = 246761DD1AE0656000F6E814;
			remoteInfo = LocalNotificationCategories;
		};
/* End PBXContainerItemProxy section */

/* Begin PBXFileReference section */
		246761DE1AE0656000F6E814 /* LocalNotificationCategories.app */ = {isa = PBXFileReference; explicitFileType = wrapper.application; includeInIndex = 0; path = LocalNotificationCategories.app; sourceTree = BUILT_PRODUCTS_DIR; };
		246761E21AE0656000F6E814 /* Info.plist */ = {isa = PBXFileReference; lastKnownFileType = text.plist.xml; path = Info.plist; sourceTree = "<group>"; };
		246761E31AE0656000F6E814 /* AppDelegate.swift */ = {isa = PBXFileReference; lastKnownFileType = sourcecode.swift; path = AppDelegate.swift; sourceTree = "<group>"; };
		246761E51AE0656000F6E814 /* ViewController.swift */ = {isa = PBXFileReference; lastKnownFileType = sourcecode.swift; path = ViewController.swift; sourceTree = "<group>"; };
		246761E81AE0656000F6E814 /* Base */ = {isa = PBXFileReference; lastKnownFileType = file.storyboard; name = Base; path = Base.lproj/Main.storyboard; sourceTree = "<group>"; };
		246761EA1AE0656000F6E814 /* Images.xcassets */ = {isa = PBXFileReference; lastKnownFileType = folder.assetcatalog; path = Images.xcassets; sourceTree = "<group>"; };
		246761ED1AE0656000F6E814 /* Base */ = {isa = PBXFileReference; lastKnownFileType = file.xib; name = Base; path = Base.lproj/LaunchScreen.xib; sourceTree = "<group>"; };
		246761F31AE0656000F6E814 /* LocalNotificationCategoriesTests.xctest */ = {isa = PBXFileReference; explicitFileType = wrapper.cfbundle; includeInIndex = 0; path = LocalNotificationCategoriesTests.xctest; sourceTree = BUILT_PRODUCTS_DIR; };
		246761F81AE0656000F6E814 /* Info.plist */ = {isa = PBXFileReference; lastKnownFileType = text.plist.xml; path = Info.plist; sourceTree = "<group>"; };
		246761F91AE0656000F6E814 /* LocalNotificationCategoriesTests.swift */ = {isa = PBXFileReference; lastKnownFileType = sourcecode.swift; path = LocalNotificationCategoriesTests.swift; sourceTree = "<group>"; };
		246762031AE0659F00F6E814 /* NotificationCategories.swift */ = {isa = PBXFileReference; fileEncoding = 4; lastKnownFileType = sourcecode.swift; path = NotificationCategories.swift; sourceTree = "<group>"; };
/* End PBXFileReference section */

/* Begin PBXFrameworksBuildPhase section */
		246761DB1AE0656000F6E814 /* Frameworks */ = {
			isa = PBXFrameworksBuildPhase;
			buildActionMask = 2147483647;
			files = (
			);
			runOnlyForDeploymentPostprocessing = 0;
		};
		246761F01AE0656000F6E814 /* Frameworks */ = {
			isa = PBXFrameworksBuildPhase;
			buildActionMask = 2147483647;
			files = (
			);
			runOnlyForDeploymentPostprocessing = 0;
		};
/* End PBXFrameworksBuildPhase section */

/* Begin PBXGroup section */
		246761D51AE0656000F6E814 = {
			isa = PBXGroup;
			children = (
				246761E01AE0656000F6E814 /* LocalNotificationCategories */,
				246761F61AE0656000F6E814 /* LocalNotificationCategoriesTests */,
				246761DF1AE0656000F6E814 /* Products */,
			);
			sourceTree = "<group>";
		};
		246761DF1AE0656000F6E814 /* Products */ = {
			isa = PBXGroup;
			children = (
				246761DE1AE0656000F6E814 /* LocalNotificationCategories.app */,
				246761F31AE0656000F6E814 /* LocalNotificationCategoriesTests.xctest */,
			);
			name = Products;
			sourceTree = "<group>";
		};
		246761E01AE0656000F6E814 /* LocalNotificationCategories */ = {
			isa = PBXGroup;
			children = (
				246761E31AE0656000F6E814 /* AppDelegate.swift */,
				246761E51AE0656000F6E814 /* ViewController.swift */,
				246762031AE0659F00F6E814 /* NotificationCategories.swift */,
				246761E71AE0656000F6E814 /* Main.storyboard */,
				246761EA1AE0656000F6E814 /* Images.xcassets */,
				246761EC1AE0656000F6E814 /* LaunchScreen.xib */,
				246761E11AE0656000F6E814 /* Supporting Files */,
			);
			path = LocalNotificationCategories;
			sourceTree = "<group>";
		};
		246761E11AE0656000F6E814 /* Supporting Files */ = {
			isa = PBXGroup;
			children = (
				246761E21AE0656000F6E814 /* Info.plist */,
			);
			name = "Supporting Files";
			sourceTree = "<group>";
		};
		246761F61AE0656000F6E814 /* LocalNotificationCategoriesTests */ = {
			isa = PBXGroup;
			children = (
				246761F91AE0656000F6E814 /* LocalNotificationCategoriesTests.swift */,
				246761F71AE0656000F6E814 /* Supporting Files */,
			);
			path = LocalNotificationCategoriesTests;
			sourceTree = "<group>";
		};
		246761F71AE0656000F6E814 /* Supporting Files */ = {
			isa = PBXGroup;
			children = (
				246761F81AE0656000F6E814 /* Info.plist */,
			);
			name = "Supporting Files";
			sourceTree = "<group>";
		};
/* End PBXGroup section */

/* Begin PBXNativeTarget section */
		246761DD1AE0656000F6E814 /* LocalNotificationCategories */ = {
			isa = PBXNativeTarget;
			buildConfigurationList = 246761FD1AE0656000F6E814 /* Build configuration list for PBXNativeTarget "LocalNotificationCategories" */;
			buildPhases = (
				246761DA1AE0656000F6E814 /* Sources */,
				246761DB1AE0656000F6E814 /* Frameworks */,
				246761DC1AE0656000F6E814 /* Resources */,
			);
			buildRules = (
			);
			dependencies = (
			);
			name = LocalNotificationCategories;
			productName = LocalNotificationCategories;
			productReference = 246761DE1AE0656000F6E814 /* LocalNotificationCategories.app */;
			productType = "com.apple.product-type.application";
		};
		246761F21AE0656000F6E814 /* LocalNotificationCategoriesTests */ = {
			isa = PBXNativeTarget;
			buildConfigurationList = 246762001AE0656000F6E814 /* Build configuration list for PBXNativeTarget "LocalNotificationCategoriesTests" */;
			buildPhases = (
				246761EF1AE0656000F6E814 /* Sources */,
				246761F01AE0656000F6E814 /* Frameworks */,
				246761F11AE0656000F6E814 /* Resources */,
			);
			buildRules = (
			);
			dependencies = (
				246761F51AE0656000F6E814 /* PBXTargetDependency */,
			);
			name = LocalNotificationCategoriesTests;
			productName = LocalNotificationCategoriesTests;
			productReference = 246761F31AE0656000F6E814 /* LocalNotificationCategoriesTests.xctest */;
			productType = "com.apple.product-type.bundle.unit-test";
		};
/* End PBXNativeTarget section */

/* Begin PBXProject section */
		246761D61AE0656000F6E814 /* Project object */ = {
			isa = PBXProject;
			attributes = {
				LastUpgradeCheck = 0630;
				ORGANIZATIONNAME = DanielBeard;
				TargetAttributes = {
					246761DD1AE0656000F6E814 = {
						CreatedOnToolsVersion = 6.3;
					};
					246761F21AE0656000F6E814 = {
						CreatedOnToolsVersion = 6.3;
						TestTargetID = 246761DD1AE0656000F6E814;
					};
				};
			};
			buildConfigurationList = 246761D91AE0656000F6E814 /* Build configuration list for PBXProject "LocalNotificationCategories" */;
			compatibilityVersion = "Xcode 3.2";
			developmentRegion = English;
			hasScannedForEncodings = 0;
			knownRegions = (
				en,
				Base,
			);
			mainGroup = 246761D51AE0656000F6E814;
			productRefGroup = 246761DF1AE0656000F6E814 /* Products */;
			projectDirPath = "";
			projectRoot = "";
			targets = (
				246761DD1AE0656000F6E814 /* LocalNotificationCategories */,
				246761F21AE0656000F6E814 /* LocalNotificationCategoriesTests */,
			);
		};
/* End PBXProject section */

/* Begin PBXResourcesBuildPhase section */
		246761DC1AE0656000F6E814 /* Resources */ = {
			isa = PBXResourcesBuildPhase;
			buildActionMask = 2147483647;
			files = (
				246761E91AE0656000F6E814 /* Main.storyboard in Resources */,
				246761EE1AE0656000F6E814 /* LaunchScreen.xib in Resources */,
				246761EB1AE0656000F6E814 /* Images.xcassets in Resources */,
			);
			runOnlyForDeploymentPostprocessing = 0;
		};
		246761F11AE0656000F6E814 /* Resources */ = {
			isa = PBXResourcesBuildPhase;
			buildActionMask = 2147483647;
			files = (
			);
			runOnlyForDeploymentPostprocessing = 0;
		};
/* End PBXResourcesBuildPhase section */

/* Begin PBXSourcesBuildPhase section */
		246761DA1AE0656000F6E814 /* Sources */ = {
			isa = PBXSourcesBuildPhase;
			buildActionMask = 2147483647;
			files = (
				246761E61AE0656000F6E814 /* ViewController.swift in Sources */,
				246761E41AE0656000F6E814 /* AppDelegate.swift in Sources */,
				246762041AE0659F00F6E814 /* NotificationCategories.swift in Sources */,
			);
			runOnlyForDeploymentPostprocessing = 0;
		};
		246761EF1AE0656000F6E814 /* Sources */ = {
			isa = PBXSourcesBuildPhase;
			buildActionMask = 2147483647;
			files = (
				246761FA1AE0656000F6E814 /* LocalNotificationCategoriesTests.swift in Sources */,
			);
			runOnlyForDeploymentPostprocessing = 0;
		};
/* End PBXSourcesBuildPhase section */

/* Begin PBXTargetDependency section */
		246761F51AE0656000F6E814 /* PBXTargetDependency */ = {
			isa = PBXTargetDependency;
			target = 246761DD1AE0656000F6E814 /* LocalNotificationCategories */;
			targetProxy = 246761F41AE0656000F6E814 /* PBXContainerItemProxy */;
		};
/* End PBXTargetDependency section */

/* Begin PBXVariantGroup section */
		246761E71AE0656000F6E814 /* Main.storyboard */ = {
			isa = PBXVariantGroup;
			children = (
				246761E81AE0656000F6E814 /* Base */,
			);
			name = Main.storyboard;
			sourceTree = "<group>";
		};
		246761EC1AE0656000F6E814 /* LaunchScreen.xib */ = {
			isa = PBXVariantGroup;
			children = (
				246761ED1AE0656000F6E814 /* Base */,
			);
			name = LaunchScreen.xib;
			sourceTree = "<group>";
		};
/* End PBXVariantGroup section */

/* Begin XCBuildConfiguration section */
		246761FB1AE0656000F6E814 /* Debug */ = {
			isa = XCBuildConfiguration;
			buildSettings = {
				ALWAYS_SEARCH_USER_PATHS = NO;
				CLANG_CXX_LANGUAGE_STANDARD = "gnu++0x";
				CLANG_CXX_LIBRARY = "libc++";
				CLANG_ENABLE_MODULES = YES;
				CLANG_ENABLE_OBJC_ARC = YES;
				CLANG_WARN_BOOL_CONVERSION = YES;
				CLANG_WARN_CONSTANT_CONVERSION = YES;
				CLANG_WARN_DIRECT_OBJC_ISA_USAGE = YES_ERROR;
				CLANG_WARN_EMPTY_BODY = YES;
				CLANG_WARN_ENUM_CONVERSION = YES;
				CLANG_WARN_INT_CONVERSION = YES;
				CLANG_WARN_OBJC_ROOT_CLASS = YES_ERROR;
				CLANG_WARN_UNREACHABLE_CODE = YES;
				CLANG_WARN__DUPLICATE_METHOD_MATCH = YES;
				"CODE_SIGN_IDENTITY[sdk=iphoneos*]" = "iPhone Developer";
				COPY_PHASE_STRIP = NO;
				DEBUG_INFORMATION_FORMAT = "dwarf-with-dsym";
				ENABLE_STRICT_OBJC_MSGSEND = YES;
				GCC_C_LANGUAGE_STANDARD = gnu99;
				GCC_DYNAMIC_NO_PIC = NO;
				GCC_NO_COMMON_BLOCKS = YES;
				GCC_OPTIMIZATION_LEVEL = 0;
				GCC_PREPROCESSOR_DEFINITIONS = (
					"DEBUG=1",
					"$(inherited)",
				);
				GCC_SYMBOLS_PRIVATE_EXTERN = NO;
				GCC_WARN_64_TO_32_BIT_CONVERSION = YES;
				GCC_WARN_ABOUT_RETURN_TYPE = YES_ERROR;
				GCC_WARN_UNDECLARED_SELECTOR = YES;
				GCC_WARN_UNINITIALIZED_AUTOS = YES_AGGRESSIVE;
				GCC_WARN_UNUSED_FUNCTION = YES;
				GCC_WARN_UNUSED_VARIABLE = YES;
				IPHONEOS_DEPLOYMENT_TARGET = 8.3;
				MTL_ENABLE_DEBUG_INFO = YES;
				ONLY_ACTIVE_ARCH = YES;
				SDKROOT = iphoneos;
				SWIFT_OPTIMIZATION_LEVEL = "-Onone";
			};
			name = Debug;
		};
		246761FC1AE0656000F6E814 /* Release */ = {
			isa = XCBuildConfiguration;
			buildSettings = {
				ALWAYS_SEARCH_USER_PATHS = NO;
				CLANG_CXX_LANGUAGE_STANDARD = "gnu++0x";
				CLANG_CXX_LIBRARY = "libc++";
				CLANG_ENABLE_MODULES = YES;
				CLANG_ENABLE_OBJC_ARC = YES;
				CLANG_WARN_BOOL_CONVERSION = YES;
				CLANG_WARN_CONSTANT_CONVERSION = YES;
				CLANG_WARN_DIRECT_OBJC_ISA_USAGE = YES_ERROR;
				CLANG_WARN_EMPTY_BODY = YES;
				CLANG_WARN_ENUM_CONVERSION = YES;
				CLANG_WARN_INT_CONVERSION = YES;
				CLANG_WARN_OBJC_ROOT_CLASS = YES_ERROR;
				CLANG_WARN_UNREACHABLE_CODE = YES;
				CLANG_WARN__DUPLICATE_METHOD_MATCH = YES;
				"CODE_SIGN_IDENTITY[sdk=iphoneos*]" = "iPhone Developer";
				COPY_PHASE_STRIP = NO;
				DEBUG_INFORMATION_FORMAT = "dwarf-with-dsym";
				ENABLE_NS_ASSERTIONS = NO;
				ENABLE_STRICT_OBJC_MSGSEND = YES;
				GCC_C_LANGUAGE_STANDARD = gnu99;
				GCC_NO_COMMON_BLOCKS = YES;
				GCC_WARN_64_TO_32_BIT_CONVERSION = YES;
				GCC_WARN_ABOUT_RETURN_TYPE = YES_ERROR;
				GCC_WARN_UNDECLARED_SELECTOR = YES;
				GCC_WARN_UNINITIALIZED_AUTOS = YES_AGGRESSIVE;
				GCC_WARN_UNUSED_FUNCTION = YES;
				GCC_WARN_UNUSED_VARIABLE = YES;
				IPHONEOS_DEPLOYMENT_TARGET = 8.3;
				MTL_ENABLE_DEBUG_INFO = NO;
				SDKROOT = iphoneos;
				VALIDATE_PRODUCT = YES;
			};
			name = Release;
		};
		246761FE1AE0656000F6E814 /* Debug */ = {
			isa = XCBuildConfiguration;
			buildSettings = {
				ASSETCATALOG_COMPILER_APPICON_NAME = AppIcon;
				INFOPLIST_FILE = LocalNotificationCategories/Info.plist;
				LD_RUNPATH_SEARCH_PATHS = "$(inherited) @executable_path/Frameworks";
				PRODUCT_NAME = "$(TARGET_NAME)";
			};
			name = Debug;
		};
		246761FF1AE0656000F6E814 /* Release */ = {
			isa = XCBuildConfiguration;
			buildSettings = {
				ASSETCATALOG_COMPILER_APPICON_NAME = AppIcon;
				INFOPLIST_FILE = LocalNotificationCategories/Info.plist;
				LD_RUNPATH_SEARCH_PATHS = "$(inherited) @executable_path/Frameworks";
				PRODUCT_NAME = "$(TARGET_NAME)";
			};
			name = Release;
		};
		246762011AE0656000F6E814 /* Debug */ = {
			isa = XCBuildConfiguration;
			buildSettings = {
				BUNDLE_LOADER = "$(TEST_HOST)";
				FRAMEWORK_SEARCH_PATHS = (
					"$(SDKROOT)/Developer/Library/Frameworks",
					"$(inherited)",
				);
				GCC_PREPROCESSOR_DEFINITIONS = (
					"DEBUG=1",
					"$(inherited)",
				);
				INFOPLIST_FILE = LocalNotificationCategoriesTests/Info.plist;
				LD_RUNPATH_SEARCH_PATHS = "$(inherited) @executable_path/Frameworks @loader_path/Frameworks";
				PRODUCT_NAME = "$(TARGET_NAME)";
				TEST_HOST = "$(BUILT_PRODUCTS_DIR)/LocalNotificationCategories.app/LocalNotificationCategories";
			};
			name = Debug;
		};
		246762021AE0656000F6E814 /* Release */ = {
			isa = XCBuildConfiguration;
			buildSettings = {
				BUNDLE_LOADER = "$(TEST_HOST)";
				FRAMEWORK_SEARCH_PATHS = (
					"$(SDKROOT)/Developer/Library/Frameworks",
					"$(inherited)",
				);
				INFOPLIST_FILE = LocalNotificationCategoriesTests/Info.plist;
				LD_RUNPATH_SEARCH_PATHS = "$(inherited) @executable_path/Frameworks @loader_path/Frameworks";
				PRODUCT_NAME = "$(TARGET_NAME)";
				TEST_HOST = "$(BUILT_PRODUCTS_DIR)/LocalNotificationCategories.app/LocalNotificationCategories";
			};
			name = Release;
		};
/* End XCBuildConfiguration section */

/* Begin XCConfigurationList section */
		246761D91AE0656000F6E814 /* Build configuration list for PBXProject "LocalNotificationCategories" */ = {
			isa = XCConfigurationList;
			buildConfigurations = (
				246761FB1AE0656000F6E814 /* Debug */,
				246761FC1AE0656000F6E814 /* Release */,
			);
			defaultConfigurationIsVisible = 0;
			defaultConfigurationName = Release;
		};
		246761FD1AE0656000F6E814 /* Build configuration list for PBXNativeTarget "LocalNotificationCategories" */ = {
			isa = XCConfigurationList;
			buildConfigurations = (
				246761FE1AE0656000F6E814 /* Debug */,
				246761FF1AE0656000F6E814 /* Release */,
			);
			defaultConfigurationIsVisible = 0;
		};
		246762001AE0656000F6E814 /* Build configuration list for PBXNativeTarget "LocalNotificationCategoriesTests" */ = {
			isa = XCConfigurationList;
			buildConfigurations = (
				246762011AE0656000F6E814 /* Debug */,
				246762021AE0656000F6E814 /* Release */,
			);
			defaultConfigurationIsVisible = 0;
		};
/* End XCConfigurationList section */
	};
	rootObject = 246761D61AE0656000F6E814 /* Project object */;
}
